PODS:
  - tealium-swift/Collect (2.14.0):
    - tealium-swift/Core
  - tealium-swift/Core (2.14.0)
  - tealium-swift/Lifecycle (2.14.0):
    - tealium-swift/Core
  - tealium-swift/RemoteCommands (2.14.0):
    - tealium-swift/Core
  - TealiumSKAdNetwork (1.1.0):
    - tealium-swift/Core (~> 2.12)
    - tealium-swift/RemoteCommands (~> 2.12)

DEPENDENCIES:
  - tealium-swift/Collect
  - tealium-swift/Lifecycle
  - TealiumSKAdNetwork (from `../`)

SPEC REPOS:
  trunk:
    - tealium-swift

EXTERNAL SOURCES:
  TealiumSKAdNetwork:
    :path: "../"

SPEC CHECKSUMS:
  tealium-swift: d2a1f3ee12f3a0aa759ab43c07005b24148b6f75
  TealiumSKAdNetwork: ff2af15df065531052409c86779e86fc0d07a715

PODFILE CHECKSUM: 09441e3ee98311fe263ab8d7e65a7fa6e38996e3

COCOAPODS: 1.15.2
