PODS:
  - tealium-swift/Collect (2.9.1):
    - tealium-swift/Core
  - tealium-swift/Core (2.9.1)
  - tealium-swift/Lifecycle (2.9.1):
    - tealium-swift/Core
  - tealium-swift/RemoteCommands (2.9.1):
    - tealium-swift/Core
  - TealiumSKAdNetwork (1.0.0):
    - tealium-swift/Core (~> 2.9)
    - tealium-swift/RemoteCommands (~> 2.9)

DEPENDENCIES:
  - tealium-swift/Collect
  - tealium-swift/Lifecycle
  - TealiumSKAdNetwork (from `../`)

SPEC REPOS:
  trunk:
    - tealium-swift

EXTERNAL SOURCES:
  TealiumSKAdNetwork:
    :path: "../"

SPEC CHECKSUMS:
  tealium-swift: 137769254e97d4c9f7ed6e16e0768b40888e6452
  TealiumSKAdNetwork: 5f3e6e097acb233ade14a99dbe7f9998a5a73664

PODFILE CHECKSUM: db0c13e1084e5a7b275508c06cd553bd966e2279

COCOAPODS: 1.11.3
