PODS:
  - tealium-swift/Core (2.9.1)
  - tealium-swift/RemoteCommands (2.9.1):
    - tealium-swift/Core
  - TealiumSKAdNetwork (1.0.0):
    - tealium-swift/Core (~> 2.9)
    - tealium-swift/RemoteCommands (~> 2.9)

DEPENDENCIES:
  - TealiumSKAdNetwork (from `../`)

SPEC REPOS:
  trunk:
    - tealium-swift

EXTERNAL SOURCES:
  TealiumSKAdNetwork:
    :path: "../"

SPEC CHECKSUMS:
  tealium-swift: 137769254e97d4c9f7ed6e16e0768b40888e6452
  TealiumSKAdNetwork: 1c7e6050f5e52d0cf49812ade25694cbfc66e3c6

PODFILE CHECKSUM: 7801e138ecda9556e106fea46c4acda2843d641f

COCOAPODS: 1.11.3
