{
  "object": {
    "pins": [
      {
        "package": "TealiumSwift",
        "repositoryURL": "https://github.com/tealium/tealium-swift",
        "state": {
          "branch": null,
          "revision": "0dad26baa86977fa9464494beac4c82f75c1b1ff",
          "version": "2.18.0"
        }
      }
    ]
  },
  "version": 1
}
